
Microsoft Visual Studio Solution File, Format Version 12.00
# Visual Studio 15
VisualStudioVersion = 15.0.28307.572
MinimumVisualStudioVersion = 10.0.40219.1
Project("{FAE04EC0-301F-11D3-BF4B-00C04F79EFBC}") = "CGOL", "CGOL\CGOL.csproj", "{6CD266E0-2115-405C-97A3-6045A6728A22}"
EndProject
Global
	GlobalSection(SolutionConfigurationPlatforms) = preSolution
		Debug|Any CPU = Debug|Any CPU
		Release|Any CPU = Release|Any CPU
	EndGlobalSection
	GlobalSection(ProjectConfigurationPlatforms) = postSolution
		{6CD266E0-2115-405C-97A3-6045A6728A22}.Debug|Any CPU.ActiveCfg = Debug|Any CPU
		{6CD266E0-2115-405C-97A3-6045A6728A22}.Debug|Any CPU.Build.0 = Debug|Any CPU
		{6CD266E0-2115-405C-97A3-6045A6728A22}.Release|Any CPU.ActiveCfg = Release|Any CPU
		{6CD266E0-2115-405C-97A3-6045A6728A22}.Release|Any CPU.Build.0 = Release|Any CPU
	EndGlobalSection
	GlobalSection(SolutionProperties) = preSolution
		HideSolutionNode = FALSE
	EndGlobalSection
	GlobalSection(ExtensibilityGlobals) = postSolution
		SolutionGuid = {4A9065D7-CF4E-4830-AB6F-9BE9C7EA15F9}
	EndGlobalSection
EndGlobal
